
Microsoft Visual Studio Solution File, Format Version 12.00
# Visual Studio Version 17
VisualStudioVersion = 17.5.33530.505
MinimumVisualStudioVersion = 10.0.40219.1
Project("{9A19103F-16F7-4668-BE54-9A1E7A4F7556}") = "API_DVC", "MIPrimerAPI\API_DVC.csproj", "{E36C2D35-81D6-41DF-BF23-7AAC72479837}"
EndProject
Global
	GlobalSection(SolutionConfigurationPlatforms) = preSolution
		Debug|Any CPU = Debug|Any CPU
		Release|Any CPU = Release|Any CPU
	EndGlobalSection
	GlobalSection(ProjectConfigurationPlatforms) = postSolution
		{E36C2D35-81D6-41DF-BF23-7AAC72479837}.Debug|Any CPU.ActiveCfg = Debug|Any CPU
		{E36C2D35-81D6-41DF-BF23-7AAC72479837}.Debug|Any CPU.Build.0 = Debug|Any CPU
		{E36C2D35-81D6-41DF-BF23-7AAC72479837}.Release|Any CPU.ActiveCfg = Release|Any CPU
		{E36C2D35-81D6-41DF-BF23-7AAC72479837}.Release|Any CPU.Build.0 = Release|Any CPU
	EndGlobalSection
	GlobalSection(SolutionProperties) = preSolution
		HideSolutionNode = FALSE
	EndGlobalSection
	GlobalSection(ExtensibilityGlobals) = postSolution
		SolutionGuid = {37D5B785-4F59-42C9-BFC1-853DB9E7008C}
	EndGlobalSection
EndGlobal
